schema: '2.0'
stages:
  data_ingestion:
    cmd: python src/data_ingestion.py
    deps:
    - path: src/data_ingestion.py
      hash: md5
      md5: ecd42e0bd8e91916b91bbe83a315ae82
      size: 3665
    params:
      params.yaml:
        data_ingestion.test_size: 0.35
    outs:
    - path: data/raw
      hash: md5
      md5: 757976709af5b8e1a7266c169aa0ba6e.dir
      size: 484846
      nfiles: 2
  data_preprocessing:
    cmd: python src/data_preprocessing.py
    deps:
    - path: data/raw
      hash: md5
      md5: 757976709af5b8e1a7266c169aa0ba6e.dir
      size: 484846
      nfiles: 2
    - path: src/data_preprocessing.py
      hash: md5
      md5: ae0059b79590609927f72e3c373f1865
      size: 3973
    outs:
    - path: data/interim
      hash: md5
      md5: b9f4f74b2f43532cf80427caa2a553ea.dir
      size: 263050
      nfiles: 2
  feature_engineering:
    cmd: python src/feature_engineering.py
    deps:
    - path: data/interim
      hash: md5
      md5: b9f4f74b2f43532cf80427caa2a553ea.dir
      size: 263050
      nfiles: 2
    - path: src/feature_engineering.py
      hash: md5
      md5: cf8448c21ab5f64a81b288de0c331814
      size: 3910
    params:
      params.yaml:
        feature_engineering.max_features: 40
    outs:
    - path: data/processed
      hash: md5
      md5: 3ce306c78cbe663082d03129d0fed681.dir
      size: 959531
      nfiles: 2
  model_building:
    cmd: python src/model_building.py
    deps:
    - path: data/processed
      hash: md5
      md5: 3ce306c78cbe663082d03129d0fed681.dir
      size: 959531
      nfiles: 2
    - path: src/model_building.py
      hash: md5
      md5: f4aea8b9389c4252ddedf29afa9c7195
      size: 4483
    params:
      params.yaml:
        model_building.n_estimators: 25
        model_building.random_state: 2
    outs:
    - path: models/model.pkl
      hash: md5
      md5: aff4eec6ffecb3a9af1074740f19a7b5
      size: 730428
  model_evaluation:
    cmd: python src/model_evaluation.py
    deps:
    - path: models/model.pkl
      hash: md5
      md5: aff4eec6ffecb3a9af1074740f19a7b5
      size: 730428
    - path: src/model_evaluation.py
      hash: md5
      md5: 553abb63c25d201ab4732efe779df04d
      size: 4639
    outs:
    - path: reports/metrics.json
      hash: md5
      md5: 860e78e9a2dd103695fe6a9cd9c9ccbd
      size: 144
