schema: '2.0'
stages:
  data_ingestion:
    cmd: python src/data_ingestion.py
    deps:
    - path: src/data_ingestion.py
      hash: md5
      md5: ecd42e0bd8e91916b91bbe83a315ae82
      size: 3665
    params:
      params.yaml:
        data_ingestion.test_size: 0.99
    outs:
    - path: data/raw
      hash: md5
      md5: 2f9ba388dd7633f66bca782bdf683821.dir
      size: 484846
      nfiles: 2
  data_preprocessing:
    cmd: python src/data_preprocessing.py
    deps:
    - path: data/raw
      hash: md5
      md5: 2f9ba388dd7633f66bca782bdf683821.dir
      size: 484846
      nfiles: 2
    - path: src/data_preprocessing.py
      hash: md5
      md5: ae0059b79590609927f72e3c373f1865
      size: 3973
    outs:
    - path: data/interim
      hash: md5
      md5: fd336e25cfa049ebc0f7a63025dfe091.dir
      size: 254633
      nfiles: 2
  feature_engineering:
    cmd: python src/feature_engineering.py
    deps:
    - path: data/interim
      hash: md5
      md5: fd336e25cfa049ebc0f7a63025dfe091.dir
      size: 254633
      nfiles: 2
    - path: src/feature_engineering.py
      hash: md5
      md5: cf8448c21ab5f64a81b288de0c331814
      size: 3910
    params:
      params.yaml:
        feature_engineering.max_features: 80
    outs:
    - path: data/processed
      hash: md5
      md5: 91e37ee063c905c1c00820dc90816026.dir
      size: 1764907
      nfiles: 2
  model_building:
    cmd: python src/model_building.py
    deps:
    - path: data/processed
      hash: md5
      md5: 91e37ee063c905c1c00820dc90816026.dir
      size: 1764907
      nfiles: 2
    - path: src/model_building.py
      hash: md5
      md5: f4aea8b9389c4252ddedf29afa9c7195
      size: 4483
    params:
      params.yaml:
        model_building.n_estimators: 40
        model_building.random_state: 4
    outs:
    - path: models/model.pkl
      hash: md5
      md5: 35cf9d1c272515939139330613b2fbf9
      size: 74222
  model_evaluation:
    cmd: python src/model_evaluation.py
    deps:
    - path: models/model.pkl
      hash: md5
      md5: 35cf9d1c272515939139330613b2fbf9
      size: 74222
    - path: src/model_evaluation.py
      hash: md5
      md5: 2cf2f4f5ab862109f9204f5b6b7b207b
      size: 4653
    outs:
    - path: reports/metrics.json
      hash: md5
      md5: 453d92097084c23a985c277283e45d34
      size: 145
